
Microsoft Visual Studio Solution File, Format Version 12.00
# Visual Studio 14
VisualStudioVersion = 14.0.25420.1
MinimumVisualStudioVersion = 10.0.40219.1
Project("{8BC9CEB8-8B4A-11D0-8D11-00A0C91BC942}") = "ColorMapping", "ColorMapping\ColorMapping.vcxproj", "{C4FCE3B8-0C83-4828-A6B6-F1C04E0FE142}"
EndProject
Project("{8BC9CEB8-8B4A-11D0-8D11-00A0C91BC942}") = "MeshConstitution", "MeshConstitution\MeshConstitution.vcxproj", "{CC81AAC9-7CDE-4F1A-8A7E-23CEA5BAB20D}"
EndProject
Global
	GlobalSection(SolutionConfigurationPlatforms) = preSolution
		Debug|x64 = Debug|x64
		Debug|x86 = Debug|x86
		Release|x64 = Release|x64
		Release|x86 = Release|x86
	EndGlobalSection
	GlobalSection(ProjectConfigurationPlatforms) = postSolution
		{C4FCE3B8-0C83-4828-A6B6-F1C04E0FE142}.Debug|x64.ActiveCfg = Debug|x64
		{C4FCE3B8-0C83-4828-A6B6-F1C04E0FE142}.Debug|x64.Build.0 = Debug|x64
		{C4FCE3B8-0C83-4828-A6B6-F1C04E0FE142}.Debug|x86.ActiveCfg = Debug|Win32
		{C4FCE3B8-0C83-4828-A6B6-F1C04E0FE142}.Debug|x86.Build.0 = Debug|Win32
		{C4FCE3B8-0C83-4828-A6B6-F1C04E0FE142}.Release|x64.ActiveCfg = Release|x64
		{C4FCE3B8-0C83-4828-A6B6-F1C04E0FE142}.Release|x64.Build.0 = Release|x64
		{C4FCE3B8-0C83-4828-A6B6-F1C04E0FE142}.Release|x86.ActiveCfg = Release|Win32
		{C4FCE3B8-0C83-4828-A6B6-F1C04E0FE142}.Release|x86.Build.0 = Release|Win32
		{CC81AAC9-7CDE-4F1A-8A7E-23CEA5BAB20D}.Debug|x64.ActiveCfg = Debug|x64
		{CC81AAC9-7CDE-4F1A-8A7E-23CEA5BAB20D}.Debug|x64.Build.0 = Debug|x64
		{CC81AAC9-7CDE-4F1A-8A7E-23CEA5BAB20D}.Debug|x86.ActiveCfg = Debug|Win32
		{CC81AAC9-7CDE-4F1A-8A7E-23CEA5BAB20D}.Debug|x86.Build.0 = Debug|Win32
		{CC81AAC9-7CDE-4F1A-8A7E-23CEA5BAB20D}.Release|x64.ActiveCfg = Release|x64
		{CC81AAC9-7CDE-4F1A-8A7E-23CEA5BAB20D}.Release|x64.Build.0 = Release|x64
		{CC81AAC9-7CDE-4F1A-8A7E-23CEA5BAB20D}.Release|x86.ActiveCfg = Release|Win32
		{CC81AAC9-7CDE-4F1A-8A7E-23CEA5BAB20D}.Release|x86.Build.0 = Release|Win32
	EndGlobalSection
	GlobalSection(SolutionProperties) = preSolution
		HideSolutionNode = FALSE
	EndGlobalSection
EndGlobal
